# This file is automatically @generated by Cargo.
# It is not intended for manual editing.
version = 3

[[package]]
name = "emv_parser"
version = "0.1.1"
dependencies = [
 "emv_tlv_parser",
 "hex",
]

[[package]]
name = "emv_tlv_parser"
version = "0.1.5"
source = "registry+https://github.com/rust-lang/crates.io-index"
checksum = "67057b3104331887dbbf710fed36ef71de1c0bc3065e1f26245d8a81ece581f9"
dependencies = [
 "hex",
]

[[package]]
name = "hex"
version = "0.4.3"
source = "registry+https://github.com/rust-lang/crates.io-index"
checksum = "7f24254aa9a54b5c858eaee2f5bccdb46aaf0e486a595ed5fd8f86ba55232a70"
